
Microsoft Visual Studio Solution File, Format Version 12.00
# Visual Studio Version 16
VisualStudioVersion = 16.0.30114.105
MinimumVisualStudioVersion = 10.0.40219.1
Project("{9A19103F-16F7-4668-BE54-9A1E7A4F7556}") = "OnlineStore", "OnlineStore.csproj", "{419E72A8-260D-4624-8F80-AB1FD4EB8274}"
EndProject
Global
	GlobalSection(SolutionConfigurationPlatforms) = preSolution
		Debug|Any CPU = Debug|Any CPU
		Release|Any CPU = Release|Any CPU
	EndGlobalSection
	GlobalSection(ProjectConfigurationPlatforms) = postSolution
		{419E72A8-260D-4624-8F80-AB1FD4EB8274}.Debug|Any CPU.ActiveCfg = Debug|Any CPU
		{419E72A8-260D-4624-8F80-AB1FD4EB8274}.Debug|Any CPU.Build.0 = Debug|Any CPU
		{419E72A8-260D-4624-8F80-AB1FD4EB8274}.Release|Any CPU.ActiveCfg = Release|Any CPU
		{419E72A8-260D-4624-8F80-AB1FD4EB8274}.Release|Any CPU.Build.0 = Release|Any CPU
	EndGlobalSection
	GlobalSection(SolutionProperties) = preSolution
		HideSolutionNode = FALSE
	EndGlobalSection
	GlobalSection(ExtensibilityGlobals) = postSolution
		SolutionGuid = {44619718-AB2A-4373-8AC7-D7865E3DED7E}
	EndGlobalSection
EndGlobal
